
Microsoft Visual Studio Solution File, Format Version 12.00
# Visual Studio Version 17
VisualStudioVersion = 17.7.34221.43
MinimumVisualStudioVersion = 10.0.40219.1
Project("{9A19103F-16F7-4668-BE54-9A1E7A4F7556}") = "DevOpsFinalProject", "DevOpsFinalProject\DevOpsFinalProject.csproj", "{ABFEED79-29DD-451C-B462-96CD7A0D6F91}"
EndProject
Project("{FAE04EC0-301F-11D3-BF4B-00C04F79EFBC}") = "ApiGateway", "ApiGateway\ApiGateway.csproj", "{F08FB6C8-BF16-4230-9235-1B39FB1FC4B2}"
EndProject
Global
	GlobalSection(SolutionConfigurationPlatforms) = preSolution
		Debug|Any CPU = Debug|Any CPU
		Release|Any CPU = Release|Any CPU
	EndGlobalSection
	GlobalSection(ProjectConfigurationPlatforms) = postSolution
		{ABFEED79-29DD-451C-B462-96CD7A0D6F91}.Debug|Any CPU.ActiveCfg = Debug|Any CPU
		{ABFEED79-29DD-451C-B462-96CD7A0D6F91}.Debug|Any CPU.Build.0 = Debug|Any CPU
		{ABFEED79-29DD-451C-B462-96CD7A0D6F91}.Release|Any CPU.ActiveCfg = Release|Any CPU
		{ABFEED79-29DD-451C-B462-96CD7A0D6F91}.Release|Any CPU.Build.0 = Release|Any CPU
		{F08FB6C8-BF16-4230-9235-1B39FB1FC4B2}.Debug|Any CPU.ActiveCfg = Debug|Any CPU
		{F08FB6C8-BF16-4230-9235-1B39FB1FC4B2}.Debug|Any CPU.Build.0 = Debug|Any CPU
		{F08FB6C8-BF16-4230-9235-1B39FB1FC4B2}.Release|Any CPU.ActiveCfg = Release|Any CPU
		{F08FB6C8-BF16-4230-9235-1B39FB1FC4B2}.Release|Any CPU.Build.0 = Release|Any CPU
	EndGlobalSection
	GlobalSection(SolutionProperties) = preSolution
		HideSolutionNode = FALSE
	EndGlobalSection
	GlobalSection(ExtensibilityGlobals) = postSolution
		SolutionGuid = {01BE0A80-6CA1-4C62-89A8-2F7C86C16C88}
	EndGlobalSection
EndGlobal
